
Microsoft Visual Studio Solution File, Format Version 12.00
# Visual Studio Version 17
VisualStudioVersion = 17.0.31903.59
MinimumVisualStudioVersion = 10.0.40219.1
Project("{FAE04EC0-301F-11D3-BF4B-00C04F79EFBC}") = "Campus.Attendance.Api", "Campus.Attendance.Api\Campus.Attendance.Api.csproj", "{C6C0D292-50E5-4803-86E7-AF3039D86060}"
EndProject
Project("{FAE04EC0-301F-11D3-BF4B-00C04F79EFBC}") = "Campus.Attendance.Web", "Campus.Attendance.Web\Campus.Attendance.Web.csproj", "{1F167C89-9651-49C9-8ABA-9A121B06EED5}"
EndProject
Project("{FAE04EC0-301F-11D3-BF4B-00C04F79EFBC}") = "Campus.Attendance.Tests", "Campus.Attendance.Tests\Campus.Attendance.Tests.csproj", "{CDE9AD03-4965-4D54-B907-299F065BB2A6}"
EndProject
Project("{FAE04EC0-301F-11D3-BF4B-00C04F79EFBC}") = "Campus.Attendance.Shared", "Campus.Attendance.Shared\Campus.Attendance.Shared.csproj", "{A1B2C3D4-E5F6-7890-ABCD-EF1234567890}"
EndProject
Project("{FAE04EC0-301F-11D3-BF4B-00C04F79EFBC}") = "Campus.Attendance.Infrastructure", "Campus.Attendance.Infrastructure\Campus.Attendance.Infrastructure.csproj", "{B2C3D4E5-F6A7-8901-BCDE-F12345678901}"
EndProject
Project("{FAE04EC0-301F-11D3-BF4B-00C04F79EFBC}") = "Campus.Attendance.AppHost", "Campus.Attendance.AppHost\Campus.Attendance.AppHost.csproj", "{D3E4F5A6-B7C8-9012-DEFG-H23456789012}"
EndProject
Project("{FAE04EC0-301F-11D3-BF4B-00C04F79EFBC}") = "Campus.Attendance.ServiceDefaults", "Campus.Attendance.ServiceDefaults\Campus.Attendance.ServiceDefaults.csproj", "{E4F5A6B7-C8D9-0123-EFGH-I34567890123}"
EndProject
Global
	GlobalSection(SolutionConfigurationPlatforms) = preSolution
		Debug|Any CPU = Debug|Any CPU
		Debug|x64 = Debug|x64
		Debug|x86 = Debug|x86
		Release|Any CPU = Release|Any CPU
		Release|x64 = Release|x64
		Release|x86 = Release|x86
	EndGlobalSection
	GlobalSection(ProjectConfigurationPlatforms) = postSolution
		{C6C0D292-50E5-4803-86E7-AF3039D86060}.Debug|Any CPU.ActiveCfg = Debug|Any CPU
		{C6C0D292-50E5-4803-86E7-AF3039D86060}.Debug|Any CPU.Build.0 = Debug|Any CPU
		{C6C0D292-50E5-4803-86E7-AF3039D86060}.Debug|x64.ActiveCfg = Debug|Any CPU
		{C6C0D292-50E5-4803-86E7-AF3039D86060}.Debug|x64.Build.0 = Debug|Any CPU
		{C6C0D292-50E5-4803-86E7-AF3039D86060}.Debug|x86.ActiveCfg = Debug|Any CPU
		{C6C0D292-50E5-4803-86E7-AF3039D86060}.Debug|x86.Build.0 = Debug|Any CPU
		{C6C0D292-50E5-4803-86E7-AF3039D86060}.Release|Any CPU.ActiveCfg = Release|Any CPU
		{C6C0D292-50E5-4803-86E7-AF3039D86060}.Release|Any CPU.Build.0 = Release|Any CPU
		{C6C0D292-50E5-4803-86E7-AF3039D86060}.Release|x64.ActiveCfg = Release|Any CPU
		{C6C0D292-50E5-4803-86E7-AF3039D86060}.Release|x64.Build.0 = Release|Any CPU
		{C6C0D292-50E5-4803-86E7-AF3039D86060}.Release|x86.ActiveCfg = Release|Any CPU
		{C6C0D292-50E5-4803-86E7-AF3039D86060}.Release|x86.Build.0 = Release|Any CPU
		{1F167C89-9651-49C9-8ABA-9A121B06EED5}.Debug|Any CPU.ActiveCfg = Debug|Any CPU
		{1F167C89-9651-49C9-8ABA-9A121B06EED5}.Debug|Any CPU.Build.0 = Debug|Any CPU
		{1F167C89-9651-49C9-8ABA-9A121B06EED5}.Debug|x64.ActiveCfg = Debug|Any CPU
		{1F167C89-9651-49C9-8ABA-9A121B06EED5}.Debug|x64.Build.0 = Debug|Any CPU
		{1F167C89-9651-49C9-8ABA-9A121B06EED5}.Debug|x86.ActiveCfg = Debug|Any CPU
		{1F167C89-9651-49C9-8ABA-9A121B06EED5}.Debug|x86.Build.0 = Debug|Any CPU
		{1F167C89-9651-49C9-8ABA-9A121B06EED5}.Release|Any CPU.ActiveCfg = Release|Any CPU
		{1F167C89-9651-49C9-8ABA-9A121B06EED5}.Release|Any CPU.Build.0 = Release|Any CPU
		{1F167C89-9651-49C9-8ABA-9A121B06EED5}.Release|x64.ActiveCfg = Release|Any CPU
		{1F167C89-9651-49C9-8ABA-9A121B06EED5}.Release|x64.Build.0 = Release|Any CPU
		{1F167C89-9651-49C9-8ABA-9A121B06EED5}.Release|x86.ActiveCfg = Release|Any CPU
		{1F167C89-9651-49C9-8ABA-9A121B06EED5}.Release|x86.Build.0 = Release|Any CPU
		{CDE9AD03-4965-4D54-B907-299F065BB2A6}.Debug|Any CPU.ActiveCfg = Debug|Any CPU
		{CDE9AD03-4965-4D54-B907-299F065BB2A6}.Debug|Any CPU.Build.0 = Debug|Any CPU
		{CDE9AD03-4965-4D54-B907-299F065BB2A6}.Debug|x64.ActiveCfg = Debug|Any CPU
		{CDE9AD03-4965-4D54-B907-299F065BB2A6}.Debug|x64.Build.0 = Debug|Any CPU
		{CDE9AD03-4965-4D54-B907-299F065BB2A6}.Debug|x86.ActiveCfg = Debug|Any CPU
		{CDE9AD03-4965-4D54-B907-299F065BB2A6}.Debug|x86.Build.0 = Debug|Any CPU
		{CDE9AD03-4965-4D54-B907-299F065BB2A6}.Release|Any CPU.ActiveCfg = Release|Any CPU
		{CDE9AD03-4965-4D54-B907-299F065BB2A6}.Release|Any CPU.Build.0 = Release|Any CPU
		{CDE9AD03-4965-4D54-B907-299F065BB2A6}.Release|x64.ActiveCfg = Release|Any CPU
		{CDE9AD03-4965-4D54-B907-299F065BB2A6}.Release|x64.Build.0 = Release|Any CPU
		{CDE9AD03-4965-4D54-B907-299F065BB2A6}.Release|x86.ActiveCfg = Release|Any CPU
		{CDE9AD03-4965-4D54-B907-299F065BB2A6}.Release|x86.Build.0 = Release|Any CPU
		{A1B2C3D4-E5F6-7890-ABCD-EF1234567890}.Debug|Any CPU.ActiveCfg = Debug|Any CPU
		{A1B2C3D4-E5F6-7890-ABCD-EF1234567890}.Debug|Any CPU.Build.0 = Debug|Any CPU
		{A1B2C3D4-E5F6-7890-ABCD-EF1234567890}.Debug|x64.ActiveCfg = Debug|Any CPU
		{A1B2C3D4-E5F6-7890-ABCD-EF1234567890}.Debug|x64.Build.0 = Debug|Any CPU
		{A1B2C3D4-E5F6-7890-ABCD-EF1234567890}.Debug|x86.ActiveCfg = Debug|Any CPU
		{A1B2C3D4-E5F6-7890-ABCD-EF1234567890}.Debug|x86.Build.0 = Debug|Any CPU
		{A1B2C3D4-E5F6-7890-ABCD-EF1234567890}.Release|Any CPU.ActiveCfg = Release|Any CPU
		{A1B2C3D4-E5F6-7890-ABCD-EF1234567890}.Release|Any CPU.Build.0 = Release|Any CPU
		{A1B2C3D4-E5F6-7890-ABCD-EF1234567890}.Release|x64.ActiveCfg = Release|Any CPU
		{A1B2C3D4-E5F6-7890-ABCD-EF1234567890}.Release|x64.Build.0 = Release|Any CPU
		{A1B2C3D4-E5F6-7890-ABCD-EF1234567890}.Release|x86.ActiveCfg = Release|Any CPU
		{A1B2C3D4-E5F6-7890-ABCD-EF1234567890}.Release|x86.Build.0 = Release|Any CPU
		{B2C3D4E5-F6A7-8901-BCDE-F12345678901}.Debug|Any CPU.ActiveCfg = Debug|Any CPU
		{B2C3D4E5-F6A7-8901-BCDE-F12345678901}.Debug|Any CPU.Build.0 = Debug|Any CPU
		{B2C3D4E5-F6A7-8901-BCDE-F12345678901}.Debug|x64.ActiveCfg = Debug|Any CPU
		{B2C3D4E5-F6A7-8901-BCDE-F12345678901}.Debug|x64.Build.0 = Debug|Any CPU
		{B2C3D4E5-F6A7-8901-BCDE-F12345678901}.Debug|x86.ActiveCfg = Debug|Any CPU
		{B2C3D4E5-F6A7-8901-BCDE-F12345678901}.Debug|x86.Build.0 = Debug|Any CPU
		{B2C3D4E5-F6A7-8901-BCDE-F12345678901}.Release|Any CPU.ActiveCfg = Release|Any CPU
		{B2C3D4E5-F6A7-8901-BCDE-F12345678901}.Release|Any CPU.Build.0 = Release|Any CPU
		{B2C3D4E5-F6A7-8901-BCDE-F12345678901}.Release|x64.ActiveCfg = Release|Any CPU
		{B2C3D4E5-F6A7-8901-BCDE-F12345678901}.Release|x64.Build.0 = Release|Any CPU
		{B2C3D4E5-F6A7-8901-BCDE-F12345678901}.Release|x86.ActiveCfg = Release|Any CPU
		{B2C3D4E5-F6A7-8901-BCDE-F12345678901}.Release|x86.Build.0 = Release|Any CPU
		{D3E4F5A6-B7C8-9012-DEFG-H23456789012}.Debug|Any CPU.ActiveCfg = Debug|Any CPU
		{D3E4F5A6-B7C8-9012-DEFG-H23456789012}.Debug|Any CPU.Build.0 = Debug|Any CPU
		{D3E4F5A6-B7C8-9012-DEFG-H23456789012}.Debug|x64.ActiveCfg = Debug|Any CPU
		{D3E4F5A6-B7C8-9012-DEFG-H23456789012}.Debug|x64.Build.0 = Debug|Any CPU
		{D3E4F5A6-B7C8-9012-DEFG-H23456789012}.Debug|x86.ActiveCfg = Debug|Any CPU
		{D3E4F5A6-B7C8-9012-DEFG-H23456789012}.Debug|x86.Build.0 = Debug|Any CPU
		{D3E4F5A6-B7C8-9012-DEFG-H23456789012}.Release|Any CPU.ActiveCfg = Release|Any CPU
		{D3E4F5A6-B7C8-9012-DEFG-H23456789012}.Release|Any CPU.Build.0 = Release|Any CPU
		{D3E4F5A6-B7C8-9012-DEFG-H23456789012}.Release|x64.ActiveCfg = Release|Any CPU
		{D3E4F5A6-B7C8-9012-DEFG-H23456789012}.Release|x64.Build.0 = Release|Any CPU
		{D3E4F5A6-B7C8-9012-DEFG-H23456789012}.Release|x86.ActiveCfg = Release|Any CPU
		{D3E4F5A6-B7C8-9012-DEFG-H23456789012}.Release|x86.Build.0 = Release|Any CPU
		{E4F5A6B7-C8D9-0123-EFGH-I34567890123}.Debug|Any CPU.ActiveCfg = Debug|Any CPU
		{E4F5A6B7-C8D9-0123-EFGH-I34567890123}.Debug|Any CPU.Build.0 = Debug|Any CPU
		{E4F5A6B7-C8D9-0123-EFGH-I34567890123}.Debug|x64.ActiveCfg = Debug|Any CPU
		{E4F5A6B7-C8D9-0123-EFGH-I34567890123}.Debug|x64.Build.0 = Debug|Any CPU
		{E4F5A6B7-C8D9-0123-EFGH-I34567890123}.Debug|x86.ActiveCfg = Debug|Any CPU
		{E4F5A6B7-C8D9-0123-EFGH-I34567890123}.Debug|x86.Build.0 = Debug|Any CPU
		{E4F5A6B7-C8D9-0123-EFGH-I34567890123}.Release|Any CPU.ActiveCfg = Release|Any CPU
		{E4F5A6B7-C8D9-0123-EFGH-I34567890123}.Release|Any CPU.Build.0 = Release|Any CPU
		{E4F5A6B7-C8D9-0123-EFGH-I34567890123}.Release|x64.ActiveCfg = Release|Any CPU
		{E4F5A6B7-C8D9-0123-EFGH-I34567890123}.Release|x64.Build.0 = Release|Any CPU
		{E4F5A6B7-C8D9-0123-EFGH-I34567890123}.Release|x86.ActiveCfg = Release|Any CPU
		{E4F5A6B7-C8D9-0123-EFGH-I34567890123}.Release|x86.Build.0 = Release|Any CPU
	EndGlobalSection
	GlobalSection(SolutionProperties) = preSolution
		HideSolutionNode = FALSE
	EndGlobalSection
EndGlobal
