
Microsoft Visual Studio Solution File, Format Version 12.00
# Visual Studio Version 18
VisualStudioVersion = 18.7.11911.148
MinimumVisualStudioVersion = 10.0.40219.1
Project("{FAE04EC0-301F-11D3-BF4B-00C04F79EFBC}") = "MyCollegeNew.Api", "MyCollegeNew.Api\MyCollegeNew.Api.csproj", "{C6C0D292-50E5-4803-86E7-AF3039D86060}"
EndProject
Project("{FAE04EC0-301F-11D3-BF4B-00C04F79EFBC}") = "MyCollegeNew.Web", "MyCollegeNew.Web\MyCollegeNew.Web.csproj", "{1F167C89-9651-49C9-8ABA-9A121B06EED5}"
EndProject
Project("{FAE04EC0-301F-11D3-BF4B-00C04F79EFBC}") = "MyCollegeNew.Tests", "MyCollegeNew.Tests\MyCollegeNew.Tests.csproj", "{CDE9AD03-4965-4D54-B907-299F065BB2A6}"
EndProject
Project("{FAE04EC0-301F-11D3-BF4B-00C04F79EFBC}") = "MyCollegeNew.Shared", "MyCollegeNew.Shared\MyCollegeNew.Shared.csproj", "{A1B2C3D4-E5F6-7890-ABCD-EF1234567890}"
EndProject
Project("{FAE04EC0-301F-11D3-BF4B-00C04F79EFBC}") = "MyCollegeNew.Infrastructure", "MyCollegeNew.Infrastructure\MyCollegeNew.Infrastructure.csproj", "{B2C3D4E5-F6A7-8901-BCDE-F12345678901}"
EndProject
Project("{FAE04EC0-301F-11D3-BF4B-00C04F79EFBC}") = "MyCollegeNew.AppHost", "MyCollegeNew.AppHost\MyCollegeNew.AppHost.csproj", "{4F55E890-CCA6-47D4-9466-92EAD47B4468}"
EndProject
Project("{FAE04EC0-301F-11D3-BF4B-00C04F79EFBC}") = "MyCollegeNew.ServiceDefaults", "MyCollegeNew.ServiceDefaults\MyCollegeNew.ServiceDefaults.csproj", "{502C253F-1BE6-4BA3-8842-6B884EEE4573}"
EndProject
Project("{FAE04EC0-301F-11D3-BF4B-00C04F79EFBC}") = "MyCollegeNew.Admin", "MyCollegeNew.Admin\MyCollegeNew.Admin.csproj", "{ED7A601D-85E3-4C6F-BFC1-BC259310B881}"
EndProject
Project("{2150E333-8FDC-42A3-9474-1A3956D46DE8}") = "Base", "Base", "{2BE32A03-EFA1-4F8E-BC5D-1956DEA8A108}"
EndProject
Project("{2150E333-8FDC-42A3-9474-1A3956D46DE8}") = "Tests", "Tests", "{989457FB-26EF-4BC8-9F3E-DE75ADDA2061}"
EndProject
Project("{2150E333-8FDC-42A3-9474-1A3956D46DE8}") = "Web", "Web", "{A9E007C8-8396-417C-87C2-44D5685B7806}"
EndProject
Global
	GlobalSection(SolutionConfigurationPlatforms) = preSolution
		Debug|Any CPU = Debug|Any CPU
		Debug|x64 = Debug|x64
		Debug|x86 = Debug|x86
		Release|Any CPU = Release|Any CPU
		Release|x64 = Release|x64
		Release|x86 = Release|x86
	EndGlobalSection
	GlobalSection(ProjectConfigurationPlatforms) = postSolution
		{C6C0D292-50E5-4803-86E7-AF3039D86060}.Debug|Any CPU.ActiveCfg = Debug|Any CPU
		{C6C0D292-50E5-4803-86E7-AF3039D86060}.Debug|Any CPU.Build.0 = Debug|Any CPU
		{C6C0D292-50E5-4803-86E7-AF3039D86060}.Debug|x64.ActiveCfg = Debug|Any CPU
		{C6C0D292-50E5-4803-86E7-AF3039D86060}.Debug|x64.Build.0 = Debug|Any CPU
		{C6C0D292-50E5-4803-86E7-AF3039D86060}.Debug|x86.ActiveCfg = Debug|Any CPU
		{C6C0D292-50E5-4803-86E7-AF3039D86060}.Debug|x86.Build.0 = Debug|Any CPU
		{C6C0D292-50E5-4803-86E7-AF3039D86060}.Release|Any CPU.ActiveCfg = Release|Any CPU
		{C6C0D292-50E5-4803-86E7-AF3039D86060}.Release|Any CPU.Build.0 = Release|Any CPU
		{C6C0D292-50E5-4803-86E7-AF3039D86060}.Release|x64.ActiveCfg = Release|Any CPU
		{C6C0D292-50E5-4803-86E7-AF3039D86060}.Release|x64.Build.0 = Release|Any CPU
		{C6C0D292-50E5-4803-86E7-AF3039D86060}.Release|x86.ActiveCfg = Release|Any CPU
		{C6C0D292-50E5-4803-86E7-AF3039D86060}.Release|x86.Build.0 = Release|Any CPU
		{1F167C89-9651-49C9-8ABA-9A121B06EED5}.Debug|Any CPU.ActiveCfg = Debug|Any CPU
		{1F167C89-9651-49C9-8ABA-9A121B06EED5}.Debug|Any CPU.Build.0 = Debug|Any CPU
		{1F167C89-9651-49C9-8ABA-9A121B06EED5}.Debug|x64.ActiveCfg = Debug|Any CPU
		{1F167C89-9651-49C9-8ABA-9A121B06EED5}.Debug|x64.Build.0 = Debug|Any CPU
		{1F167C89-9651-49C9-8ABA-9A121B06EED5}.Debug|x86.ActiveCfg = Debug|Any CPU
		{1F167C89-9651-49C9-8ABA-9A121B06EED5}.Debug|x86.Build.0 = Debug|Any CPU
		{1F167C89-9651-49C9-8ABA-9A121B06EED5}.Release|Any CPU.ActiveCfg = Release|Any CPU
		{1F167C89-9651-49C9-8ABA-9A121B06EED5}.Release|Any CPU.Build.0 = Release|Any CPU
		{1F167C89-9651-49C9-8ABA-9A121B06EED5}.Release|x64.ActiveCfg = Release|Any CPU
		{1F167C89-9651-49C9-8ABA-9A121B06EED5}.Release|x64.Build.0 = Release|Any CPU
		{1F167C89-9651-49C9-8ABA-9A121B06EED5}.Release|x86.ActiveCfg = Release|Any CPU
		{1F167C89-9651-49C9-8ABA-9A121B06EED5}.Release|x86.Build.0 = Release|Any CPU
		{CDE9AD03-4965-4D54-B907-299F065BB2A6}.Debug|Any CPU.ActiveCfg = Debug|Any CPU
		{CDE9AD03-4965-4D54-B907-299F065BB2A6}.Debug|Any CPU.Build.0 = Debug|Any CPU
		{CDE9AD03-4965-4D54-B907-299F065BB2A6}.Debug|x64.ActiveCfg = Debug|Any CPU
		{CDE9AD03-4965-4D54-B907-299F065BB2A6}.Debug|x64.Build.0 = Debug|Any CPU
		{CDE9AD03-4965-4D54-B907-299F065BB2A6}.Debug|x86.ActiveCfg = Debug|Any CPU
		{CDE9AD03-4965-4D54-B907-299F065BB2A6}.Debug|x86.Build.0 = Debug|Any CPU
		{CDE9AD03-4965-4D54-B907-299F065BB2A6}.Release|Any CPU.ActiveCfg = Release|Any CPU
		{CDE9AD03-4965-4D54-B907-299F065BB2A6}.Release|Any CPU.Build.0 = Release|Any CPU
		{CDE9AD03-4965-4D54-B907-299F065BB2A6}.Release|x64.ActiveCfg = Release|Any CPU
		{CDE9AD03-4965-4D54-B907-299F065BB2A6}.Release|x64.Build.0 = Release|Any CPU
		{CDE9AD03-4965-4D54-B907-299F065BB2A6}.Release|x86.ActiveCfg = Release|Any CPU
		{CDE9AD03-4965-4D54-B907-299F065BB2A6}.Release|x86.Build.0 = Release|Any CPU
		{A1B2C3D4-E5F6-7890-ABCD-EF1234567890}.Debug|Any CPU.ActiveCfg = Debug|Any CPU
		{A1B2C3D4-E5F6-7890-ABCD-EF1234567890}.Debug|Any CPU.Build.0 = Debug|Any CPU
		{A1B2C3D4-E5F6-7890-ABCD-EF1234567890}.Debug|x64.ActiveCfg = Debug|Any CPU
		{A1B2C3D4-E5F6-7890-ABCD-EF1234567890}.Debug|x64.Build.0 = Debug|Any CPU
		{A1B2C3D4-E5F6-7890-ABCD-EF1234567890}.Debug|x86.ActiveCfg = Debug|Any CPU
		{A1B2C3D4-E5F6-7890-ABCD-EF1234567890}.Debug|x86.Build.0 = Debug|Any CPU
		{A1B2C3D4-E5F6-7890-ABCD-EF1234567890}.Release|Any CPU.ActiveCfg = Release|Any CPU
		{A1B2C3D4-E5F6-7890-ABCD-EF1234567890}.Release|Any CPU.Build.0 = Release|Any CPU
		{A1B2C3D4-E5F6-7890-ABCD-EF1234567890}.Release|x64.ActiveCfg = Release|Any CPU
		{A1B2C3D4-E5F6-7890-ABCD-EF1234567890}.Release|x64.Build.0 = Release|Any CPU
		{A1B2C3D4-E5F6-7890-ABCD-EF1234567890}.Release|x86.ActiveCfg = Release|Any CPU
		{A1B2C3D4-E5F6-7890-ABCD-EF1234567890}.Release|x86.Build.0 = Release|Any CPU
		{B2C3D4E5-F6A7-8901-BCDE-F12345678901}.Debug|Any CPU.ActiveCfg = Debug|Any CPU
		{B2C3D4E5-F6A7-8901-BCDE-F12345678901}.Debug|Any CPU.Build.0 = Debug|Any CPU
		{B2C3D4E5-F6A7-8901-BCDE-F12345678901}.Debug|x64.ActiveCfg = Debug|Any CPU
		{B2C3D4E5-F6A7-8901-BCDE-F12345678901}.Debug|x64.Build.0 = Debug|Any CPU
		{B2C3D4E5-F6A7-8901-BCDE-F12345678901}.Debug|x86.ActiveCfg = Debug|Any CPU
		{B2C3D4E5-F6A7-8901-BCDE-F12345678901}.Debug|x86.Build.0 = Debug|Any CPU
		{B2C3D4E5-F6A7-8901-BCDE-F12345678901}.Release|Any CPU.ActiveCfg = Release|Any CPU
		{B2C3D4E5-F6A7-8901-BCDE-F12345678901}.Release|Any CPU.Build.0 = Release|Any CPU
		{B2C3D4E5-F6A7-8901-BCDE-F12345678901}.Release|x64.ActiveCfg = Release|Any CPU
		{B2C3D4E5-F6A7-8901-BCDE-F12345678901}.Release|x64.Build.0 = Release|Any CPU
		{B2C3D4E5-F6A7-8901-BCDE-F12345678901}.Release|x86.ActiveCfg = Release|Any CPU
		{B2C3D4E5-F6A7-8901-BCDE-F12345678901}.Release|x86.Build.0 = Release|Any CPU
		{4F55E890-CCA6-47D4-9466-92EAD47B4468}.Debug|Any CPU.ActiveCfg = Debug|Any CPU
		{4F55E890-CCA6-47D4-9466-92EAD47B4468}.Debug|Any CPU.Build.0 = Debug|Any CPU
		{4F55E890-CCA6-47D4-9466-92EAD47B4468}.Debug|x64.ActiveCfg = Debug|Any CPU
		{4F55E890-CCA6-47D4-9466-92EAD47B4468}.Debug|x64.Build.0 = Debug|Any CPU
		{4F55E890-CCA6-47D4-9466-92EAD47B4468}.Debug|x86.ActiveCfg = Debug|Any CPU
		{4F55E890-CCA6-47D4-9466-92EAD47B4468}.Debug|x86.Build.0 = Debug|Any CPU
		{4F55E890-CCA6-47D4-9466-92EAD47B4468}.Release|Any CPU.ActiveCfg = Release|Any CPU
		{4F55E890-CCA6-47D4-9466-92EAD47B4468}.Release|Any CPU.Build.0 = Release|Any CPU
		{4F55E890-CCA6-47D4-9466-92EAD47B4468}.Release|x64.ActiveCfg = Release|Any CPU
		{4F55E890-CCA6-47D4-9466-92EAD47B4468}.Release|x64.Build.0 = Release|Any CPU
		{4F55E890-CCA6-47D4-9466-92EAD47B4468}.Release|x86.ActiveCfg = Release|Any CPU
		{4F55E890-CCA6-47D4-9466-92EAD47B4468}.Release|x86.Build.0 = Release|Any CPU
		{502C253F-1BE6-4BA3-8842-6B884EEE4573}.Debug|Any CPU.ActiveCfg = Debug|Any CPU
		{502C253F-1BE6-4BA3-8842-6B884EEE4573}.Debug|Any CPU.Build.0 = Debug|Any CPU
		{502C253F-1BE6-4BA3-8842-6B884EEE4573}.Debug|x64.ActiveCfg = Debug|Any CPU
		{502C253F-1BE6-4BA3-8842-6B884EEE4573}.Debug|x64.Build.0 = Debug|Any CPU
		{502C253F-1BE6-4BA3-8842-6B884EEE4573}.Debug|x86.ActiveCfg = Debug|Any CPU
		{502C253F-1BE6-4BA3-8842-6B884EEE4573}.Debug|x86.Build.0 = Debug|Any CPU
		{502C253F-1BE6-4BA3-8842-6B884EEE4573}.Release|Any CPU.ActiveCfg = Release|Any CPU
		{502C253F-1BE6-4BA3-8842-6B884EEE4573}.Release|Any CPU.Build.0 = Release|Any CPU
		{502C253F-1BE6-4BA3-8842-6B884EEE4573}.Release|x64.ActiveCfg = Release|Any CPU
		{502C253F-1BE6-4BA3-8842-6B884EEE4573}.Release|x64.Build.0 = Release|Any CPU
		{502C253F-1BE6-4BA3-8842-6B884EEE4573}.Release|x86.ActiveCfg = Release|Any CPU
		{502C253F-1BE6-4BA3-8842-6B884EEE4573}.Release|x86.Build.0 = Release|Any CPU
		{ED7A601D-85E3-4C6F-BFC1-BC259310B881}.Debug|Any CPU.ActiveCfg = Debug|Any CPU
		{ED7A601D-85E3-4C6F-BFC1-BC259310B881}.Debug|Any CPU.Build.0 = Debug|Any CPU
		{ED7A601D-85E3-4C6F-BFC1-BC259310B881}.Debug|x64.ActiveCfg = Debug|Any CPU
		{ED7A601D-85E3-4C6F-BFC1-BC259310B881}.Debug|x64.Build.0 = Debug|Any CPU
		{ED7A601D-85E3-4C6F-BFC1-BC259310B881}.Debug|x86.ActiveCfg = Debug|Any CPU
		{ED7A601D-85E3-4C6F-BFC1-BC259310B881}.Debug|x86.Build.0 = Debug|Any CPU
		{ED7A601D-85E3-4C6F-BFC1-BC259310B881}.Release|Any CPU.ActiveCfg = Release|Any CPU
		{ED7A601D-85E3-4C6F-BFC1-BC259310B881}.Release|Any CPU.Build.0 = Release|Any CPU
		{ED7A601D-85E3-4C6F-BFC1-BC259310B881}.Release|x64.ActiveCfg = Release|Any CPU
		{ED7A601D-85E3-4C6F-BFC1-BC259310B881}.Release|x64.Build.0 = Release|Any CPU
		{ED7A601D-85E3-4C6F-BFC1-BC259310B881}.Release|x86.ActiveCfg = Release|Any CPU
		{ED7A601D-85E3-4C6F-BFC1-BC259310B881}.Release|x86.Build.0 = Release|Any CPU
	EndGlobalSection
	GlobalSection(SolutionProperties) = preSolution
		HideSolutionNode = FALSE
	EndGlobalSection
	GlobalSection(NestedProjects) = preSolution
		{C6C0D292-50E5-4803-86E7-AF3039D86060} = {A9E007C8-8396-417C-87C2-44D5685B7806}
		{1F167C89-9651-49C9-8ABA-9A121B06EED5} = {A9E007C8-8396-417C-87C2-44D5685B7806}
		{CDE9AD03-4965-4D54-B907-299F065BB2A6} = {989457FB-26EF-4BC8-9F3E-DE75ADDA2061}
		{A1B2C3D4-E5F6-7890-ABCD-EF1234567890} = {2BE32A03-EFA1-4F8E-BC5D-1956DEA8A108}
		{B2C3D4E5-F6A7-8901-BCDE-F12345678901} = {2BE32A03-EFA1-4F8E-BC5D-1956DEA8A108}
		{502C253F-1BE6-4BA3-8842-6B884EEE4573} = {2BE32A03-EFA1-4F8E-BC5D-1956DEA8A108}
		{ED7A601D-85E3-4C6F-BFC1-BC259310B881} = {A9E007C8-8396-417C-87C2-44D5685B7806}
	EndGlobalSection
	GlobalSection(ExtensibilityGlobals) = postSolution
		SolutionGuid = {80083AF2-05CD-4C99-8A76-86097CF3F2E7}
	EndGlobalSection
EndGlobal
